// !$*UTF8*$!
{
	archiveVersion = 1;
	classes = {
	};
	objectVersion = 55;
	objects = {

/* Begin PBXBuildFile section */
		3289673C294B6A0B00A37898 /* assets.xcassets in Resources */ = {isa = PBXBuildFile; fileRef = 32896739294B6A0B00A37898 /* assets.xcassets */; };
		3290995629479C7D00C20250 /* core.framework in Frameworks */ = {isa = PBXBuildFile; fileRef = 3290994D29479C7D00C20250 /* core.framework */; };
		3290995B29479C7D00C20250 /* coreTests.swift in Sources */ = {isa = PBXBuildFile; fileRef = 3290995A29479C7D00C20250 /* coreTests.swift */; };
		3290995C29479C7D00C20250 /* core.h in Headers */ = {isa = PBXBuildFile; fileRef = 3290995029479C7D00C20250 /* core.h */; settings = {ATTRIBUTES = (Public, ); }; };
		32C47E15294B3D750007723F /* external in Resources */ = {isa = PBXBuildFile; fileRef = 32C47E14294B3D750007723F /* external */; };
		FA83B4F62C70FADE1CD4351F /* Pods_core.framework in Frameworks */ = {isa = PBXBuildFile; fileRef = 1EA38AC2EC7327F4679B1DAA /* Pods_core.framework */; };
/* End PBXBuildFile section */

/* Begin PBXContainerItemProxy section */
		3290995729479C7D00C20250 /* PBXContainerItemProxy */ = {
			isa = PBXContainerItemProxy;
			containerPortal = 3290994429479C7D00C20250 /* Project object */;
			proxyType = 1;
			remoteGlobalIDString = 3290994C29479C7D00C20250;
			remoteInfo = core;
		};
/* End PBXContainerItemProxy section */

/* Begin PBXFileReference section */
		1EA38AC2EC7327F4679B1DAA /* Pods_core.framework */ = {isa = PBXFileReference; explicitFileType = wrapper.framework; includeInIndex = 0; path = Pods_core.framework; sourceTree = BUILT_PRODUCTS_DIR; };
		32896739294B6A0B00A37898 /* assets.xcassets */ = {isa = PBXFileReference; lastKnownFileType = folder.assetcatalog; name = assets.xcassets; path = Resources/assets.xcassets; sourceTree = "<group>"; };
		3290994D29479C7D00C20250 /* core.framework */ = {isa = PBXFileReference; explicitFileType = wrapper.framework; includeInIndex = 0; path = core.framework; sourceTree = BUILT_PRODUCTS_DIR; };
		3290995029479C7D00C20250 /* core.h */ = {isa = PBXFileReference; lastKnownFileType = sourcecode.c.h; path = core.h; sourceTree = "<group>"; };
		3290995529479C7D00C20250 /* coreTests.xctest */ = {isa = PBXFileReference; explicitFileType = wrapper.cfbundle; includeInIndex = 0; path = coreTests.xctest; sourceTree = BUILT_PRODUCTS_DIR; };
		3290995A29479C7D00C20250 /* coreTests.swift */ = {isa = PBXFileReference; lastKnownFileType = sourcecode.swift; path = coreTests.swift; sourceTree = "<group>"; };
		32C47E14294B3D750007723F /* external */ = {isa = PBXFileReference; lastKnownFileType = folder; name = external; path = Classes/external; sourceTree = "<group>"; };
		B8B1048100424A0D70234255 /* Pods-core.release.xcconfig */ = {isa = PBXFileReference; includeInIndex = 1; lastKnownFileType = text.xcconfig; name = "Pods-core.release.xcconfig"; path = "Target Support Files/Pods-core/Pods-core.release.xcconfig"; sourceTree = "<group>"; };
		FB1772E9F6D71CFF1825BE61 /* Pods-core.debug.xcconfig */ = {isa = PBXFileReference; includeInIndex = 1; lastKnownFileType = text.xcconfig; name = "Pods-core.debug.xcconfig"; path = "Target Support Files/Pods-core/Pods-core.debug.xcconfig"; sourceTree = "<group>"; };
/* End PBXFileReference section */

/* Begin PBXFrameworksBuildPhase section */
		3290994A29479C7D00C20250 /* Frameworks */ = {
			isa = PBXFrameworksBuildPhase;
			buildActionMask = 2147483647;
			files = (
				FA83B4F62C70FADE1CD4351F /* Pods_core.framework in Frameworks */,
			);
			runOnlyForDeploymentPostprocessing = 0;
		};
		3290995229479C7D00C20250 /* Frameworks */ = {
			isa = PBXFrameworksBuildPhase;
			buildActionMask = 2147483647;
			files = (
				3290995629479C7D00C20250 /* core.framework in Frameworks */,
			);
			runOnlyForDeploymentPostprocessing = 0;
		};
/* End PBXFrameworksBuildPhase section */

/* Begin PBXGroup section */
		3290994329479C7D00C20250 = {
			isa = PBXGroup;
			children = (
				3290994F29479C7D00C20250 /* core */,
				3290995929479C7D00C20250 /* coreTests */,
				3290994E29479C7D00C20250 /* Products */,
				B33CF9268C9068DCD1A63AD6 /* Pods */,
				7E8867CD72CBEDA0CD779B2F /* Frameworks */,
			);
			sourceTree = "<group>";
		};
		3290994E29479C7D00C20250 /* Products */ = {
			isa = PBXGroup;
			children = (
				3290994D29479C7D00C20250 /* core.framework */,
				3290995529479C7D00C20250 /* coreTests.xctest */,
			);
			name = Products;
			sourceTree = "<group>";
		};
		3290994F29479C7D00C20250 /* core */ = {
			isa = PBXGroup;
			children = (
				32896739294B6A0B00A37898 /* assets.xcassets */,
				32C47E14294B3D750007723F /* external */,
				3290995029479C7D00C20250 /* core.h */,
			);
			path = core;
			sourceTree = "<group>";
		};
		3290995929479C7D00C20250 /* coreTests */ = {
			isa = PBXGroup;
			children = (
				3290995A29479C7D00C20250 /* coreTests.swift */,
			);
			path = coreTests;
			sourceTree = "<group>";
		};
		7E8867CD72CBEDA0CD779B2F /* Frameworks */ = {
			isa = PBXGroup;
			children = (
				1EA38AC2EC7327F4679B1DAA /* Pods_core.framework */,
			);
			name = Frameworks;
			sourceTree = "<group>";
		};
		B33CF9268C9068DCD1A63AD6 /* Pods */ = {
			isa = PBXGroup;
			children = (
				FB1772E9F6D71CFF1825BE61 /* Pods-core.debug.xcconfig */,
				B8B1048100424A0D70234255 /* Pods-core.release.xcconfig */,
			);
			path = Pods;
			sourceTree = "<group>";
		};
/* End PBXGroup section */

/* Begin PBXHeadersBuildPhase section */
		3290994829479C7D00C20250 /* Headers */ = {
			isa = PBXHeadersBuildPhase;
			buildActionMask = 2147483647;
			files = (
				3290995C29479C7D00C20250 /* core.h in Headers */,
			);
			runOnlyForDeploymentPostprocessing = 0;
		};
/* End PBXHeadersBuildPhase section */

/* Begin PBXNativeTarget section */
		3290994C29479C7D00C20250 /* core */ = {
			isa = PBXNativeTarget;
			buildConfigurationList = 3290995F29479C7D00C20250 /* Build configuration list for PBXNativeTarget "core" */;
			buildPhases = (
				1AD206CA3736006827906385 /* [CP] Check Pods Manifest.lock */,
				3290994829479C7D00C20250 /* Headers */,
				3290994929479C7D00C20250 /* Sources */,
				3290994A29479C7D00C20250 /* Frameworks */,
				3290994B29479C7D00C20250 /* Resources */,
			);
			buildRules = (
			);
			dependencies = (
			);
			name = core;
			productName = core;
			productReference = 3290994D29479C7D00C20250 /* core.framework */;
			productType = "com.apple.product-type.framework";
		};
		3290995429479C7D00C20250 /* coreTests */ = {
			isa = PBXNativeTarget;
			buildConfigurationList = 3290996229479C7D00C20250 /* Build configuration list for PBXNativeTarget "coreTests" */;
			buildPhases = (
				3290995129479C7D00C20250 /* Sources */,
				3290995229479C7D00C20250 /* Frameworks */,
				3290995329479C7D00C20250 /* Resources */,
			);
			buildRules = (
			);
			dependencies = (
				3290995829479C7D00C20250 /* PBXTargetDependency */,
			);
			name = coreTests;
			productName = coreTests;
			productReference = 3290995529479C7D00C20250 /* coreTests.xctest */;
			productType = "com.apple.product-type.bundle.unit-test";
		};
/* End PBXNativeTarget section */

/* Begin PBXProject section */
		3290994429479C7D00C20250 /* Project object */ = {
			isa = PBXProject;
			attributes = {
				BuildIndependentTargetsInParallel = 1;
				LastSwiftUpdateCheck = 1330;
				LastUpgradeCheck = 1330;
				TargetAttributes = {
					3290994C29479C7D00C20250 = {
						CreatedOnToolsVersion = 13.3;
						LastSwiftMigration = 1330;
					};
					3290995429479C7D00C20250 = {
						CreatedOnToolsVersion = 13.3;
					};
				};
			};
			buildConfigurationList = 3290994729479C7D00C20250 /* Build configuration list for PBXProject "core" */;
			compatibilityVersion = "Xcode 13.0";
			developmentRegion = en;
			hasScannedForEncodings = 0;
			knownRegions = (
				en,
				Base,
			);
			mainGroup = 3290994329479C7D00C20250;
			productRefGroup = 3290994E29479C7D00C20250 /* Products */;
			projectDirPath = "";
			projectRoot = "";
			targets = (
				3290994C29479C7D00C20250 /* core */,
				3290995429479C7D00C20250 /* coreTests */,
			);
		};
/* End PBXProject section */

/* Begin PBXResourcesBuildPhase section */
		3290994B29479C7D00C20250 /* Resources */ = {
			isa = PBXResourcesBuildPhase;
			buildActionMask = 2147483647;
			files = (
				32C47E15294B3D750007723F /* external in Resources */,
				3289673C294B6A0B00A37898 /* assets.xcassets in Resources */,
			);
			runOnlyForDeploymentPostprocessing = 0;
		};
		3290995329479C7D00C20250 /* Resources */ = {
			isa = PBXResourcesBuildPhase;
			buildActionMask = 2147483647;
			files = (
			);
			runOnlyForDeploymentPostprocessing = 0;
		};
/* End PBXResourcesBuildPhase section */

/* Begin PBXShellScriptBuildPhase section */
		1AD206CA3736006827906385 /* [CP] Check Pods Manifest.lock */ = {
			isa = PBXShellScriptBuildPhase;
			buildActionMask = 2147483647;
			files = (
			);
			inputFileListPaths = (
			);
			inputPaths = (
				"${PODS_PODFILE_DIR_PATH}/Podfile.lock",
				"${PODS_ROOT}/Manifest.lock",
			);
			name = "[CP] Check Pods Manifest.lock";
			outputFileListPaths = (
			);
			outputPaths = (
				"$(DERIVED_FILE_DIR)/Pods-core-checkManifestLockResult.txt",
			);
			runOnlyForDeploymentPostprocessing = 0;
			shellPath = /bin/sh;
			shellScript = "diff \"${PODS_PODFILE_DIR_PATH}/Podfile.lock\" \"${PODS_ROOT}/Manifest.lock\" > /dev/null\nif [ $? != 0 ] ; then\n    # print error to STDERR\n    echo \"error: The sandbox is not in sync with the Podfile.lock. Run 'pod install' or update your CocoaPods installation.\" >&2\n    exit 1\nfi\n# This output is used by Xcode 'outputs' to avoid re-running this script phase.\necho \"SUCCESS\" > \"${SCRIPT_OUTPUT_FILE_0}\"\n";
			showEnvVarsInLog = 0;
		};
/* End PBXShellScriptBuildPhase section */

/* Begin PBXSourcesBuildPhase section */
		3290994929479C7D00C20250 /* Sources */ = {
			isa = PBXSourcesBuildPhase;
			buildActionMask = 2147483647;
			files = (
			);
			runOnlyForDeploymentPostprocessing = 0;
		};
		3290995129479C7D00C20250 /* Sources */ = {
			isa = PBXSourcesBuildPhase;
			buildActionMask = 2147483647;
			files = (
				3290995B29479C7D00C20250 /* coreTests.swift in Sources */,
			);
			runOnlyForDeploymentPostprocessing = 0;
		};
/* End PBXSourcesBuildPhase section */

/* Begin PBXTargetDependency section */
		3290995829479C7D00C20250 /* PBXTargetDependency */ = {
			isa = PBXTargetDependency;
			target = 3290994C29479C7D00C20250 /* core */;
			targetProxy = 3290995729479C7D00C20250 /* PBXContainerItemProxy */;
		};
/* End PBXTargetDependency section */

/* Begin XCBuildConfiguration section */
		3290995D29479C7D00C20250 /* Debug */ = {
			isa = XCBuildConfiguration;
			buildSettings = {
				ALWAYS_SEARCH_USER_PATHS = NO;
				CLANG_ANALYZER_NONNULL = YES;
				CLANG_ANALYZER_NUMBER_OBJECT_CONVERSION = YES_AGGRESSIVE;
				CLANG_CXX_LANGUAGE_STANDARD = "gnu++17";
				CLANG_ENABLE_MODULES = YES;
				CLANG_ENABLE_OBJC_ARC = YES;
				CLANG_ENABLE_OBJC_WEAK = YES;
				CLANG_WARN_BLOCK_CAPTURE_AUTORELEASING = YES;
				CLANG_WARN_BOOL_CONVERSION = YES;
				CLANG_WARN_COMMA = YES;
				CLANG_WARN_CONSTANT_CONVERSION = YES;
				CLANG_WARN_DEPRECATED_OBJC_IMPLEMENTATIONS = YES;
				CLANG_WARN_DIRECT_OBJC_ISA_USAGE = YES_ERROR;
				CLANG_WARN_DOCUMENTATION_COMMENTS = YES;
				CLANG_WARN_EMPTY_BODY = YES;
				CLANG_WARN_ENUM_CONVERSION = YES;
				CLANG_WARN_INFINITE_RECURSION = YES;
				CLANG_WARN_INT_CONVERSION = YES;
				CLANG_WARN_NON_LITERAL_NULL_CONVERSION = YES;
				CLANG_WARN_OBJC_IMPLICIT_RETAIN_SELF = YES;
				CLANG_WARN_OBJC_LITERAL_CONVERSION = YES;
				CLANG_WARN_OBJC_ROOT_CLASS = YES_ERROR;
				CLANG_WARN_QUOTED_INCLUDE_IN_FRAMEWORK_HEADER = YES;
				CLANG_WARN_RANGE_LOOP_ANALYSIS = YES;
				CLANG_WARN_STRICT_PROTOTYPES = YES;
				CLANG_WARN_SUSPICIOUS_MOVE = YES;
				CLANG_WARN_UNGUARDED_AVAILABILITY = YES_AGGRESSIVE;
				CLANG_WARN_UNREACHABLE_CODE = YES;
				CLANG_WARN__DUPLICATE_METHOD_MATCH = YES;
				COPY_PHASE_STRIP = NO;
				CURRENT_PROJECT_VERSION = 1;
				DEBUG_INFORMATION_FORMAT = dwarf;
				ENABLE_STRICT_OBJC_MSGSEND = YES;
				ENABLE_TESTABILITY = YES;
				GCC_C_LANGUAGE_STANDARD = gnu11;
				GCC_DYNAMIC_NO_PIC = NO;
				GCC_NO_COMMON_BLOCKS = YES;
				GCC_OPTIMIZATION_LEVEL = 0;
				GCC_PREPROCESSOR_DEFINITIONS = (
					"DEBUG=1",
					"$(inherited)",
				);
				GCC_WARN_64_TO_32_BIT_CONVERSION = YES;
				GCC_WARN_ABOUT_RETURN_TYPE = YES_ERROR;
				GCC_WARN_UNDECLARED_SELECTOR = YES;
				GCC_WARN_UNINITIALIZED_AUTOS = YES_AGGRESSIVE;
				GCC_WARN_UNUSED_FUNCTION = YES;
				GCC_WARN_UNUSED_VARIABLE = YES;
				IPHONEOS_DEPLOYMENT_TARGET = 15.4;
				MTL_ENABLE_DEBUG_INFO = INCLUDE_SOURCE;
				MTL_FAST_MATH = YES;
				ONLY_ACTIVE_ARCH = YES;
				SDKROOT = iphoneos;
				SWIFT_ACTIVE_COMPILATION_CONDITIONS = DEBUG;
				SWIFT_OPTIMIZATION_LEVEL = "-Onone";
				VERSIONING_SYSTEM = "apple-generic";
				VERSION_INFO_PREFIX = "";
			};
			name = Debug;
		};
		3290995E29479C7D00C20250 /* Release */ = {
			isa = XCBuildConfiguration;
			buildSettings = {
				ALWAYS_SEARCH_USER_PATHS = NO;
				CLANG_ANALYZER_NONNULL = YES;
				CLANG_ANALYZER_NUMBER_OBJECT_CONVERSION = YES_AGGRESSIVE;
				CLANG_CXX_LANGUAGE_STANDARD = "gnu++17";
				CLANG_ENABLE_MODULES = YES;
				CLANG_ENABLE_OBJC_ARC = YES;
				CLANG_ENABLE_OBJC_WEAK = YES;
				CLANG_WARN_BLOCK_CAPTURE_AUTORELEASING = YES;
				CLANG_WARN_BOOL_CONVERSION = YES;
				CLANG_WARN_COMMA = YES;
				CLANG_WARN_CONSTANT_CONVERSION = YES;
				CLANG_WARN_DEPRECATED_OBJC_IMPLEMENTATIONS = YES;
				CLANG_WARN_DIRECT_OBJC_ISA_USAGE = YES_ERROR;
				CLANG_WARN_DOCUMENTATION_COMMENTS = YES;
				CLANG_WARN_EMPTY_BODY = YES;
				CLANG_WARN_ENUM_CONVERSION = YES;
				CLANG_WARN_INFINITE_RECURSION = YES;
				CLANG_WARN_INT_CONVERSION = YES;
				CLANG_WARN_NON_LITERAL_NULL_CONVERSION = YES;
				CLANG_WARN_OBJC_IMPLICIT_RETAIN_SELF = YES;
				CLANG_WARN_OBJC_LITERAL_CONVERSION = YES;
				CLANG_WARN_OBJC_ROOT_CLASS = YES_ERROR;
				CLANG_WARN_QUOTED_INCLUDE_IN_FRAMEWORK_HEADER = YES;
				CLANG_WARN_RANGE_LOOP_ANALYSIS = YES;
				CLANG_WARN_STRICT_PROTOTYPES = YES;
				CLANG_WARN_SUSPICIOUS_MOVE = YES;
				CLANG_WARN_UNGUARDED_AVAILABILITY = YES_AGGRESSIVE;
				CLANG_WARN_UNREACHABLE_CODE = YES;
				CLANG_WARN__DUPLICATE_METHOD_MATCH = YES;
				COPY_PHASE_STRIP = NO;
				CURRENT_PROJECT_VERSION = 1;
				DEBUG_INFORMATION_FORMAT = "dwarf-with-dsym";
				ENABLE_NS_ASSERTIONS = NO;
				ENABLE_STRICT_OBJC_MSGSEND = YES;
				GCC_C_LANGUAGE_STANDARD = gnu11;
				GCC_NO_COMMON_BLOCKS = YES;
				GCC_WARN_64_TO_32_BIT_CONVERSION = YES;
				GCC_WARN_ABOUT_RETURN_TYPE = YES_ERROR;
				GCC_WARN_UNDECLARED_SELECTOR = YES;
				GCC_WARN_UNINITIALIZED_AUTOS = YES_AGGRESSIVE;
				GCC_WARN_UNUSED_FUNCTION = YES;
				GCC_WARN_UNUSED_VARIABLE = YES;
				IPHONEOS_DEPLOYMENT_TARGET = 15.4;
				MTL_ENABLE_DEBUG_INFO = NO;
				MTL_FAST_MATH = YES;
				SDKROOT = iphoneos;
				SWIFT_COMPILATION_MODE = wholemodule;
				SWIFT_OPTIMIZATION_LEVEL = "-O";
				VALIDATE_PRODUCT = YES;
				VERSIONING_SYSTEM = "apple-generic";
				VERSION_INFO_PREFIX = "";
			};
			name = Release;
		};
		3290996029479C7D00C20250 /* Debug */ = {
			isa = XCBuildConfiguration;
			baseConfigurationReference = FB1772E9F6D71CFF1825BE61 /* Pods-core.debug.xcconfig */;
			buildSettings = {
				BUILD_LIBRARY_FOR_DISTRIBUTION = YES;
				CLANG_ENABLE_MODULES = YES;
				CODE_SIGN_STYLE = Automatic;
				CURRENT_PROJECT_VERSION = 1;
				DEFINES_MODULE = YES;
				DEVELOPMENT_TEAM = LUNTNML5F5;
				DYLIB_COMPATIBILITY_VERSION = 1;
				DYLIB_CURRENT_VERSION = 1;
				DYLIB_INSTALL_NAME_BASE = "@rpath";
				FRAMEWORK_SEARCH_PATHS = "${inherited}";
				GENERATE_INFOPLIST_FILE = YES;
				HEADER_SEARCH_PATHS = "${inherited}";
				INFOPLIST_KEY_NSHumanReadableCopyright = "";
				INSTALL_PATH = "$(LOCAL_LIBRARY_DIR)/Frameworks";
				LD_RUNPATH_SEARCH_PATHS = (
					"$(inherited)",
					"@executable_path/Frameworks",
					"@loader_path/Frameworks",
				);
				MARKETING_VERSION = 0.6.5;
				PRODUCT_BUNDLE_IDENTIFIER = multi.platform.core;
				PRODUCT_NAME = "$(TARGET_NAME:c99extidentifier)";
				SKIP_INSTALL = YES;
				SWIFT_EMIT_LOC_STRINGS = YES;
				SWIFT_OPTIMIZATION_LEVEL = "-Onone";
				SWIFT_VERSION = 5.0;
				TARGETED_DEVICE_FAMILY = "1,2";
			};
			name = Debug;
		};
		3290996129479C7D00C20250 /* Release */ = {
			isa = XCBuildConfiguration;
			baseConfigurationReference = B8B1048100424A0D70234255 /* Pods-core.release.xcconfig */;
			buildSettings = {
				BUILD_LIBRARY_FOR_DISTRIBUTION = YES;
				CLANG_ENABLE_MODULES = YES;
				CODE_SIGN_STYLE = Automatic;
				CURRENT_PROJECT_VERSION = 1;
				DEFINES_MODULE = YES;
				DEVELOPMENT_TEAM = LUNTNML5F5;
				DYLIB_COMPATIBILITY_VERSION = 1;
				DYLIB_CURRENT_VERSION = 1;
				DYLIB_INSTALL_NAME_BASE = "@rpath";
				FRAMEWORK_SEARCH_PATHS = "${inherited}";
				GENERATE_INFOPLIST_FILE = YES;
				HEADER_SEARCH_PATHS = "${inherited}";
				INFOPLIST_KEY_NSHumanReadableCopyright = "";
				INSTALL_PATH = "$(LOCAL_LIBRARY_DIR)/Frameworks";
				LD_RUNPATH_SEARCH_PATHS = (
					"$(inherited)",
					"@executable_path/Frameworks",
					"@loader_path/Frameworks",
				);
				MARKETING_VERSION = 0.6.5;
				PRODUCT_BUNDLE_IDENTIFIER = multi.platform.core;
				PRODUCT_NAME = "$(TARGET_NAME:c99extidentifier)";
				SKIP_INSTALL = YES;
				SWIFT_EMIT_LOC_STRINGS = YES;
				SWIFT_VERSION = 5.0;
				TARGETED_DEVICE_FAMILY = "1,2";
			};
			name = Release;
		};
		3290996329479C7D00C20250 /* Debug */ = {
			isa = XCBuildConfiguration;
			buildSettings = {
				CODE_SIGN_STYLE = Automatic;
				CURRENT_PROJECT_VERSION = 1;
				DEVELOPMENT_TEAM = LUNTNML5F5;
				GENERATE_INFOPLIST_FILE = YES;
				MARKETING_VERSION = 1.0;
				PRODUCT_BUNDLE_IDENTIFIER = multi.platform.coreTests;
				PRODUCT_NAME = "$(TARGET_NAME)";
				SWIFT_EMIT_LOC_STRINGS = NO;
				SWIFT_VERSION = 5.0;
				TARGETED_DEVICE_FAMILY = "1,2";
			};
			name = Debug;
		};
		3290996429479C7D00C20250 /* Release */ = {
			isa = XCBuildConfiguration;
			buildSettings = {
				CODE_SIGN_STYLE = Automatic;
				CURRENT_PROJECT_VERSION = 1;
				DEVELOPMENT_TEAM = LUNTNML5F5;
				GENERATE_INFOPLIST_FILE = YES;
				MARKETING_VERSION = 1.0;
				PRODUCT_BUNDLE_IDENTIFIER = multi.platform.coreTests;
				PRODUCT_NAME = "$(TARGET_NAME)";
				SWIFT_EMIT_LOC_STRINGS = NO;
				SWIFT_VERSION = 5.0;
				TARGETED_DEVICE_FAMILY = "1,2";
			};
			name = Release;
		};
/* End XCBuildConfiguration section */

/* Begin XCConfigurationList section */
		3290994729479C7D00C20250 /* Build configuration list for PBXProject "core" */ = {
			isa = XCConfigurationList;
			buildConfigurations = (
				3290995D29479C7D00C20250 /* Debug */,
				3290995E29479C7D00C20250 /* Release */,
			);
			defaultConfigurationIsVisible = 0;
			defaultConfigurationName = Release;
		};
		3290995F29479C7D00C20250 /* Build configuration list for PBXNativeTarget "core" */ = {
			isa = XCConfigurationList;
			buildConfigurations = (
				3290996029479C7D00C20250 /* Debug */,
				3290996129479C7D00C20250 /* Release */,
			);
			defaultConfigurationIsVisible = 0;
			defaultConfigurationName = Release;
		};
		3290996229479C7D00C20250 /* Build configuration list for PBXNativeTarget "coreTests" */ = {
			isa = XCConfigurationList;
			buildConfigurations = (
				3290996329479C7D00C20250 /* Debug */,
				3290996429479C7D00C20250 /* Release */,
			);
			defaultConfigurationIsVisible = 0;
			defaultConfigurationName = Release;
		};
/* End XCConfigurationList section */
	};
	rootObject = 3290994429479C7D00C20250 /* Project object */;
}
