// !$*UTF8*$!
{
	archiveVersion = 1;
	classes = {
	};
	objectVersion = 55;
	objects = {

/* Begin PBXBuildFile section */
		3119173344E3795CD6549893 /* Pods_example_ios.framework in Frameworks */ = {isa = PBXBuildFile; fileRef = 1442A8FAF14329047FDDE7FF /* Pods_example_ios.framework */; };
		32896741294BB4E300A37898 /* HomeNavController.swift in Sources */ = {isa = PBXBuildFile; fileRef = 3289673F294BB4E300A37898 /* HomeNavController.swift */; };
		32896746294BC65C00A37898 /* MainNav.storyboard in Resources */ = {isa = PBXBuildFile; fileRef = 32896745294BC65C00A37898 /* MainNav.storyboard */; };
		32896748294C1A5A00A37898 /* MainNavController.swift in Sources */ = {isa = PBXBuildFile; fileRef = 32896747294C1A5A00A37898 /* MainNavController.swift */; };
		3289674C294D1EE700A37898 /* HomeNav.storyboard in Resources */ = {isa = PBXBuildFile; fileRef = 3289674B294D1EE700A37898 /* HomeNav.storyboard */; };
		32896752294DB89200A37898 /* OrderNav.storyboard in Resources */ = {isa = PBXBuildFile; fileRef = 32896751294DB89200A37898 /* OrderNav.storyboard */; };
		32896754294DB89D00A37898 /* ProfileNav.storyboard in Resources */ = {isa = PBXBuildFile; fileRef = 32896753294DB89D00A37898 /* ProfileNav.storyboard */; };
		32896799294E4ACD00A37898 /* OnBoardingItemView.xib in Resources */ = {isa = PBXBuildFile; fileRef = 32896798294E4ACD00A37898 /* OnBoardingItemView.xib */; };
		3289679B294E4C4800A37898 /* OnBoardingItemViewController.swift in Sources */ = {isa = PBXBuildFile; fileRef = 3289679A294E4C4800A37898 /* OnBoardingItemViewController.swift */; };
		328967A8294F44CE00A37898 /* assets.xcassets in Resources */ = {isa = PBXBuildFile; fileRef = 328967A7294F44CE00A37898 /* assets.xcassets */; };
		328E67852953050A006B672F /* rubik_bold_italic.ttf in Resources */ = {isa = PBXBuildFile; fileRef = 328E67692953050A006B672F /* rubik_bold_italic.ttf */; };
		328E67862953050A006B672F /* poppins_thin.otf in Resources */ = {isa = PBXBuildFile; fileRef = 328E676A2953050A006B672F /* poppins_thin.otf */; };
		328E67872953050A006B672F /* poppins_light_italic.otf in Resources */ = {isa = PBXBuildFile; fileRef = 328E676B2953050A006B672F /* poppins_light_italic.otf */; };
		328E67882953050A006B672F /* poppins_regular.otf in Resources */ = {isa = PBXBuildFile; fileRef = 328E676C2953050A006B672F /* poppins_regular.otf */; };
		328E67892953050A006B672F /* poppins_italic.otf in Resources */ = {isa = PBXBuildFile; fileRef = 328E676D2953050A006B672F /* poppins_italic.otf */; };
		328E678A2953050A006B672F /* poppins_extra_light.otf in Resources */ = {isa = PBXBuildFile; fileRef = 328E676E2953050A006B672F /* poppins_extra_light.otf */; };
		328E678B2953050A006B672F /* poppins_extra_bold.otf in Resources */ = {isa = PBXBuildFile; fileRef = 328E676F2953050A006B672F /* poppins_extra_bold.otf */; };
		328E678C2953050A006B672F /* rubik_black.ttf in Resources */ = {isa = PBXBuildFile; fileRef = 328E67702953050A006B672F /* rubik_black.ttf */; };
		328E678D2953050A006B672F /* poppins_medium.otf in Resources */ = {isa = PBXBuildFile; fileRef = 328E67712953050A006B672F /* poppins_medium.otf */; };
		328E678E2953050A006B672F /* rubik_regular.ttf in Resources */ = {isa = PBXBuildFile; fileRef = 328E67722953050A006B672F /* rubik_regular.ttf */; };
		328E678F2953050A006B672F /* rubik_light.ttf in Resources */ = {isa = PBXBuildFile; fileRef = 328E67732953050A006B672F /* rubik_light.ttf */; };
		328E67902953050A006B672F /* poppins_black_italic.otf in Resources */ = {isa = PBXBuildFile; fileRef = 328E67742953050A006B672F /* poppins_black_italic.otf */; };
		328E67912953050A006B672F /* poppins_bold_italic.otf in Resources */ = {isa = PBXBuildFile; fileRef = 328E67752953050A006B672F /* poppins_bold_italic.otf */; };
		328E67922953050A006B672F /* poppins_semi_bold_italic.otf in Resources */ = {isa = PBXBuildFile; fileRef = 328E67762953050A006B672F /* poppins_semi_bold_italic.otf */; };
		328E67932953050A006B672F /* rubik_medium.ttf in Resources */ = {isa = PBXBuildFile; fileRef = 328E67772953050A006B672F /* rubik_medium.ttf */; };
		328E67942953050A006B672F /* rubik_black_italic.ttf in Resources */ = {isa = PBXBuildFile; fileRef = 328E67782953050A006B672F /* rubik_black_italic.ttf */; };
		328E67952953050A006B672F /* poppins_light.otf in Resources */ = {isa = PBXBuildFile; fileRef = 328E67792953050A006B672F /* poppins_light.otf */; };
		328E67962953050A006B672F /* rubik_bold.ttf in Resources */ = {isa = PBXBuildFile; fileRef = 328E677A2953050A006B672F /* rubik_bold.ttf */; };
		328E67972953050A006B672F /* poppins_thin_italic.otf in Resources */ = {isa = PBXBuildFile; fileRef = 328E677B2953050A006B672F /* poppins_thin_italic.otf */; };
		328E67982953050A006B672F /* poppins_medium_italic.otf in Resources */ = {isa = PBXBuildFile; fileRef = 328E677C2953050A006B672F /* poppins_medium_italic.otf */; };
		328E67992953050A006B672F /* poppins_extra_light_italic.otf in Resources */ = {isa = PBXBuildFile; fileRef = 328E677D2953050A006B672F /* poppins_extra_light_italic.otf */; };
		328E679A2953050A006B672F /* poppins_extra_bold_italic.otf in Resources */ = {isa = PBXBuildFile; fileRef = 328E677E2953050A006B672F /* poppins_extra_bold_italic.otf */; };
		328E679B2953050A006B672F /* poppins_bold.otf in Resources */ = {isa = PBXBuildFile; fileRef = 328E677F2953050A006B672F /* poppins_bold.otf */; };
		328E679C2953050A006B672F /* rubik_italic.ttf in Resources */ = {isa = PBXBuildFile; fileRef = 328E67802953050A006B672F /* rubik_italic.ttf */; };
		328E679D2953050A006B672F /* poppins_semi_bold.otf in Resources */ = {isa = PBXBuildFile; fileRef = 328E67812953050A006B672F /* poppins_semi_bold.otf */; };
		328E679E2953050A006B672F /* poppins_black.otf in Resources */ = {isa = PBXBuildFile; fileRef = 328E67822953050A006B672F /* poppins_black.otf */; };
		328E679F2953050A006B672F /* rubik_light_italic.ttf in Resources */ = {isa = PBXBuildFile; fileRef = 328E67832953050A006B672F /* rubik_light_italic.ttf */; };
		328E67A02953050A006B672F /* rubik_medium_italic.ttf in Resources */ = {isa = PBXBuildFile; fileRef = 328E67842953050A006B672F /* rubik_medium_italic.ttf */; };
		32A9A91A2921E031000026BE /* AppDelegate.swift in Sources */ = {isa = PBXBuildFile; fileRef = 32A9A9192921E031000026BE /* AppDelegate.swift */; };
		32A9A91C2921E031000026BE /* SceneDelegate.swift in Sources */ = {isa = PBXBuildFile; fileRef = 32A9A91B2921E031000026BE /* SceneDelegate.swift */; };
		32A9A9312921E032000026BE /* example_iosTests.swift in Sources */ = {isa = PBXBuildFile; fileRef = 32A9A9302921E032000026BE /* example_iosTests.swift */; };
		32A9A93B2921E032000026BE /* example_iosUITests.swift in Sources */ = {isa = PBXBuildFile; fileRef = 32A9A93A2921E032000026BE /* example_iosUITests.swift */; };
		32A9A93D2921E032000026BE /* example_iosUITestsLaunchTests.swift in Sources */ = {isa = PBXBuildFile; fileRef = 32A9A93C2921E032000026BE /* example_iosUITestsLaunchTests.swift */; };
		32BC1D382958ABE10023B99F /* OrderNavController.swift in Sources */ = {isa = PBXBuildFile; fileRef = 32BC1D372958ABE10023B99F /* OrderNavController.swift */; };
/* End PBXBuildFile section */

/* Begin PBXContainerItemProxy section */
		32A9A92D2921E032000026BE /* PBXContainerItemProxy */ = {
			isa = PBXContainerItemProxy;
			containerPortal = 32A9A90E2921E031000026BE /* Project object */;
			proxyType = 1;
			remoteGlobalIDString = 32A9A9152921E031000026BE;
			remoteInfo = example_ios;
		};
		32A9A9372921E032000026BE /* PBXContainerItemProxy */ = {
			isa = PBXContainerItemProxy;
			containerPortal = 32A9A90E2921E031000026BE /* Project object */;
			proxyType = 1;
			remoteGlobalIDString = 32A9A9152921E031000026BE;
			remoteInfo = example_ios;
		};
/* End PBXContainerItemProxy section */

/* Begin PBXFileReference section */
		1442A8FAF14329047FDDE7FF /* Pods_example_ios.framework */ = {isa = PBXFileReference; explicitFileType = wrapper.framework; includeInIndex = 0; path = Pods_example_ios.framework; sourceTree = BUILT_PRODUCTS_DIR; };
		3289673F294BB4E300A37898 /* HomeNavController.swift */ = {isa = PBXFileReference; lastKnownFileType = sourcecode.swift; path = HomeNavController.swift; sourceTree = "<group>"; };
		32896745294BC65C00A37898 /* MainNav.storyboard */ = {isa = PBXFileReference; lastKnownFileType = file.storyboard; path = MainNav.storyboard; sourceTree = "<group>"; };
		32896747294C1A5A00A37898 /* MainNavController.swift */ = {isa = PBXFileReference; lastKnownFileType = sourcecode.swift; path = MainNavController.swift; sourceTree = "<group>"; };
		3289674B294D1EE700A37898 /* HomeNav.storyboard */ = {isa = PBXFileReference; lastKnownFileType = file.storyboard; path = HomeNav.storyboard; sourceTree = "<group>"; };
		32896751294DB89200A37898 /* OrderNav.storyboard */ = {isa = PBXFileReference; lastKnownFileType = file.storyboard; path = OrderNav.storyboard; sourceTree = "<group>"; };
		32896753294DB89D00A37898 /* ProfileNav.storyboard */ = {isa = PBXFileReference; lastKnownFileType = file.storyboard; path = ProfileNav.storyboard; sourceTree = "<group>"; };
		32896798294E4ACD00A37898 /* OnBoardingItemView.xib */ = {isa = PBXFileReference; lastKnownFileType = file.xib; path = OnBoardingItemView.xib; sourceTree = "<group>"; };
		3289679A294E4C4800A37898 /* OnBoardingItemViewController.swift */ = {isa = PBXFileReference; lastKnownFileType = sourcecode.swift; path = OnBoardingItemViewController.swift; sourceTree = "<group>"; };
		328967A7294F44CE00A37898 /* assets.xcassets */ = {isa = PBXFileReference; lastKnownFileType = folder.assetcatalog; path = assets.xcassets; sourceTree = "<group>"; };
		328E67692953050A006B672F /* rubik_bold_italic.ttf */ = {isa = PBXFileReference; lastKnownFileType = file; name = rubik_bold_italic.ttf; path = ../../../core_shared/res/font/rubik_bold_italic.ttf; sourceTree = "<group>"; };
		328E676A2953050A006B672F /* poppins_thin.otf */ = {isa = PBXFileReference; lastKnownFileType = file; name = poppins_thin.otf; path = ../../../core_shared/res/font/poppins_thin.otf; sourceTree = "<group>"; };
		328E676B2953050A006B672F /* poppins_light_italic.otf */ = {isa = PBXFileReference; lastKnownFileType = file; name = poppins_light_italic.otf; path = ../../../core_shared/res/font/poppins_light_italic.otf; sourceTree = "<group>"; };
		328E676C2953050A006B672F /* poppins_regular.otf */ = {isa = PBXFileReference; lastKnownFileType = file; name = poppins_regular.otf; path = ../../../core_shared/res/font/poppins_regular.otf; sourceTree = "<group>"; };
		328E676D2953050A006B672F /* poppins_italic.otf */ = {isa = PBXFileReference; lastKnownFileType = file; name = poppins_italic.otf; path = ../../../core_shared/res/font/poppins_italic.otf; sourceTree = "<group>"; };
		328E676E2953050A006B672F /* poppins_extra_light.otf */ = {isa = PBXFileReference; lastKnownFileType = file; name = poppins_extra_light.otf; path = ../../../core_shared/res/font/poppins_extra_light.otf; sourceTree = "<group>"; };
		328E676F2953050A006B672F /* poppins_extra_bold.otf */ = {isa = PBXFileReference; lastKnownFileType = file; name = poppins_extra_bold.otf; path = ../../../core_shared/res/font/poppins_extra_bold.otf; sourceTree = "<group>"; };
		328E67702953050A006B672F /* rubik_black.ttf */ = {isa = PBXFileReference; lastKnownFileType = file; name = rubik_black.ttf; path = ../../../core_shared/res/font/rubik_black.ttf; sourceTree = "<group>"; };
		328E67712953050A006B672F /* poppins_medium.otf */ = {isa = PBXFileReference; lastKnownFileType = file; name = poppins_medium.otf; path = ../../../core_shared/res/font/poppins_medium.otf; sourceTree = "<group>"; };
		328E67722953050A006B672F /* rubik_regular.ttf */ = {isa = PBXFileReference; lastKnownFileType = file; name = rubik_regular.ttf; path = ../../../core_shared/res/font/rubik_regular.ttf; sourceTree = "<group>"; };
		328E67732953050A006B672F /* rubik_light.ttf */ = {isa = PBXFileReference; lastKnownFileType = file; name = rubik_light.ttf; path = ../../../core_shared/res/font/rubik_light.ttf; sourceTree = "<group>"; };
		328E67742953050A006B672F /* poppins_black_italic.otf */ = {isa = PBXFileReference; lastKnownFileType = file; name = poppins_black_italic.otf; path = ../../../core_shared/res/font/poppins_black_italic.otf; sourceTree = "<group>"; };
		328E67752953050A006B672F /* poppins_bold_italic.otf */ = {isa = PBXFileReference; lastKnownFileType = file; name = poppins_bold_italic.otf; path = ../../../core_shared/res/font/poppins_bold_italic.otf; sourceTree = "<group>"; };
		328E67762953050A006B672F /* poppins_semi_bold_italic.otf */ = {isa = PBXFileReference; lastKnownFileType = file; name = poppins_semi_bold_italic.otf; path = ../../../core_shared/res/font/poppins_semi_bold_italic.otf; sourceTree = "<group>"; };
		328E67772953050A006B672F /* rubik_medium.ttf */ = {isa = PBXFileReference; lastKnownFileType = file; name = rubik_medium.ttf; path = ../../../core_shared/res/font/rubik_medium.ttf; sourceTree = "<group>"; };
		328E67782953050A006B672F /* rubik_black_italic.ttf */ = {isa = PBXFileReference; lastKnownFileType = file; name = rubik_black_italic.ttf; path = ../../../core_shared/res/font/rubik_black_italic.ttf; sourceTree = "<group>"; };
		328E67792953050A006B672F /* poppins_light.otf */ = {isa = PBXFileReference; lastKnownFileType = file; name = poppins_light.otf; path = ../../../core_shared/res/font/poppins_light.otf; sourceTree = "<group>"; };
		328E677A2953050A006B672F /* rubik_bold.ttf */ = {isa = PBXFileReference; lastKnownFileType = file; name = rubik_bold.ttf; path = ../../../core_shared/res/font/rubik_bold.ttf; sourceTree = "<group>"; };
		328E677B2953050A006B672F /* poppins_thin_italic.otf */ = {isa = PBXFileReference; lastKnownFileType = file; name = poppins_thin_italic.otf; path = ../../../core_shared/res/font/poppins_thin_italic.otf; sourceTree = "<group>"; };
		328E677C2953050A006B672F /* poppins_medium_italic.otf */ = {isa = PBXFileReference; lastKnownFileType = file; name = poppins_medium_italic.otf; path = ../../../core_shared/res/font/poppins_medium_italic.otf; sourceTree = "<group>"; };
		328E677D2953050A006B672F /* poppins_extra_light_italic.otf */ = {isa = PBXFileReference; lastKnownFileType = file; name = poppins_extra_light_italic.otf; path = ../../../core_shared/res/font/poppins_extra_light_italic.otf; sourceTree = "<group>"; };
		328E677E2953050A006B672F /* poppins_extra_bold_italic.otf */ = {isa = PBXFileReference; lastKnownFileType = file; name = poppins_extra_bold_italic.otf; path = ../../../core_shared/res/font/poppins_extra_bold_italic.otf; sourceTree = "<group>"; };
		328E677F2953050A006B672F /* poppins_bold.otf */ = {isa = PBXFileReference; lastKnownFileType = file; name = poppins_bold.otf; path = ../../../core_shared/res/font/poppins_bold.otf; sourceTree = "<group>"; };
		328E67802953050A006B672F /* rubik_italic.ttf */ = {isa = PBXFileReference; lastKnownFileType = file; name = rubik_italic.ttf; path = ../../../core_shared/res/font/rubik_italic.ttf; sourceTree = "<group>"; };
		328E67812953050A006B672F /* poppins_semi_bold.otf */ = {isa = PBXFileReference; lastKnownFileType = file; name = poppins_semi_bold.otf; path = ../../../core_shared/res/font/poppins_semi_bold.otf; sourceTree = "<group>"; };
		328E67822953050A006B672F /* poppins_black.otf */ = {isa = PBXFileReference; lastKnownFileType = file; name = poppins_black.otf; path = ../../../core_shared/res/font/poppins_black.otf; sourceTree = "<group>"; };
		328E67832953050A006B672F /* rubik_light_italic.ttf */ = {isa = PBXFileReference; lastKnownFileType = file; name = rubik_light_italic.ttf; path = ../../../core_shared/res/font/rubik_light_italic.ttf; sourceTree = "<group>"; };
		328E67842953050A006B672F /* rubik_medium_italic.ttf */ = {isa = PBXFileReference; lastKnownFileType = file; name = rubik_medium_italic.ttf; path = ../../../core_shared/res/font/rubik_medium_italic.ttf; sourceTree = "<group>"; };
		32A9A9162921E031000026BE /* example_ios.app */ = {isa = PBXFileReference; explicitFileType = wrapper.application; includeInIndex = 0; path = example_ios.app; sourceTree = BUILT_PRODUCTS_DIR; };
		32A9A9192921E031000026BE /* AppDelegate.swift */ = {isa = PBXFileReference; lastKnownFileType = sourcecode.swift; path = AppDelegate.swift; sourceTree = "<group>"; };
		32A9A91B2921E031000026BE /* SceneDelegate.swift */ = {isa = PBXFileReference; lastKnownFileType = sourcecode.swift; path = SceneDelegate.swift; sourceTree = "<group>"; };
		32A9A9272921E032000026BE /* Info.plist */ = {isa = PBXFileReference; lastKnownFileType = text.plist.xml; path = Info.plist; sourceTree = "<group>"; };
		32A9A92C2921E032000026BE /* example_iosTests.xctest */ = {isa = PBXFileReference; explicitFileType = wrapper.cfbundle; includeInIndex = 0; path = example_iosTests.xctest; sourceTree = BUILT_PRODUCTS_DIR; };
		32A9A9302921E032000026BE /* example_iosTests.swift */ = {isa = PBXFileReference; lastKnownFileType = sourcecode.swift; path = example_iosTests.swift; sourceTree = "<group>"; };
		32A9A9362921E032000026BE /* example_iosUITests.xctest */ = {isa = PBXFileReference; explicitFileType = wrapper.cfbundle; includeInIndex = 0; path = example_iosUITests.xctest; sourceTree = BUILT_PRODUCTS_DIR; };
		32A9A93A2921E032000026BE /* example_iosUITests.swift */ = {isa = PBXFileReference; lastKnownFileType = sourcecode.swift; path = example_iosUITests.swift; sourceTree = "<group>"; };
		32A9A93C2921E032000026BE /* example_iosUITestsLaunchTests.swift */ = {isa = PBXFileReference; lastKnownFileType = sourcecode.swift; path = example_iosUITestsLaunchTests.swift; sourceTree = "<group>"; };
		32BC1D372958ABE10023B99F /* OrderNavController.swift */ = {isa = PBXFileReference; lastKnownFileType = sourcecode.swift; path = OrderNavController.swift; sourceTree = "<group>"; };
		7BC5C1D099BF24E78D9DC46D /* Pods-example_ios.debug.xcconfig */ = {isa = PBXFileReference; includeInIndex = 1; lastKnownFileType = text.xcconfig; name = "Pods-example_ios.debug.xcconfig"; path = "Target Support Files/Pods-example_ios/Pods-example_ios.debug.xcconfig"; sourceTree = "<group>"; };
		E1FFC7195CC291489731D609 /* Pods-example_ios.release.xcconfig */ = {isa = PBXFileReference; includeInIndex = 1; lastKnownFileType = text.xcconfig; name = "Pods-example_ios.release.xcconfig"; path = "Target Support Files/Pods-example_ios/Pods-example_ios.release.xcconfig"; sourceTree = "<group>"; };
/* End PBXFileReference section */

/* Begin PBXFrameworksBuildPhase section */
		32A9A9132921E031000026BE /* Frameworks */ = {
			isa = PBXFrameworksBuildPhase;
			buildActionMask = 2147483647;
			files = (
				3119173344E3795CD6549893 /* Pods_example_ios.framework in Frameworks */,
			);
			runOnlyForDeploymentPostprocessing = 0;
		};
		32A9A9292921E032000026BE /* Frameworks */ = {
			isa = PBXFrameworksBuildPhase;
			buildActionMask = 2147483647;
			files = (
			);
			runOnlyForDeploymentPostprocessing = 0;
		};
		32A9A9332921E032000026BE /* Frameworks */ = {
			isa = PBXFrameworksBuildPhase;
			buildActionMask = 2147483647;
			files = (
			);
			runOnlyForDeploymentPostprocessing = 0;
		};
/* End PBXFrameworksBuildPhase section */

/* Begin PBXGroup section */
		3289674F294D239F00A37898 /* app */ = {
			isa = PBXGroup;
			children = (
				3289679A294E4C4800A37898 /* OnBoardingItemViewController.swift */,
				3289673F294BB4E300A37898 /* HomeNavController.swift */,
				32896747294C1A5A00A37898 /* MainNavController.swift */,
				32BC1D372958ABE10023B99F /* OrderNavController.swift */,
			);
			path = app;
			sourceTree = "<group>";
		};
		32896750294D23B200A37898 /* navigation */ = {
			isa = PBXGroup;
			children = (
				32896745294BC65C00A37898 /* MainNav.storyboard */,
				3289674B294D1EE700A37898 /* HomeNav.storyboard */,
				32896751294DB89200A37898 /* OrderNav.storyboard */,
				32896753294DB89D00A37898 /* ProfileNav.storyboard */,
			);
			path = navigation;
			sourceTree = "<group>";
		};
		3289675C294E46C300A37898 /* font */ = {
			isa = PBXGroup;
			children = (
				328E67742953050A006B672F /* poppins_black_italic.otf */,
				328E67822953050A006B672F /* poppins_black.otf */,
				328E67752953050A006B672F /* poppins_bold_italic.otf */,
				328E677F2953050A006B672F /* poppins_bold.otf */,
				328E677E2953050A006B672F /* poppins_extra_bold_italic.otf */,
				328E676F2953050A006B672F /* poppins_extra_bold.otf */,
				328E677D2953050A006B672F /* poppins_extra_light_italic.otf */,
				328E676E2953050A006B672F /* poppins_extra_light.otf */,
				328E676D2953050A006B672F /* poppins_italic.otf */,
				328E676B2953050A006B672F /* poppins_light_italic.otf */,
				328E67792953050A006B672F /* poppins_light.otf */,
				328E677C2953050A006B672F /* poppins_medium_italic.otf */,
				328E67712953050A006B672F /* poppins_medium.otf */,
				328E676C2953050A006B672F /* poppins_regular.otf */,
				328E67762953050A006B672F /* poppins_semi_bold_italic.otf */,
				328E67812953050A006B672F /* poppins_semi_bold.otf */,
				328E677B2953050A006B672F /* poppins_thin_italic.otf */,
				328E676A2953050A006B672F /* poppins_thin.otf */,
				328E67782953050A006B672F /* rubik_black_italic.ttf */,
				328E67702953050A006B672F /* rubik_black.ttf */,
				328E67692953050A006B672F /* rubik_bold_italic.ttf */,
				328E677A2953050A006B672F /* rubik_bold.ttf */,
				328E67802953050A006B672F /* rubik_italic.ttf */,
				328E67832953050A006B672F /* rubik_light_italic.ttf */,
				328E67732953050A006B672F /* rubik_light.ttf */,
				328E67842953050A006B672F /* rubik_medium_italic.ttf */,
				328E67772953050A006B672F /* rubik_medium.ttf */,
				328E67722953050A006B672F /* rubik_regular.ttf */,
			);
			path = font;
			sourceTree = "<group>";
		};
		32896797294E4AB400A37898 /* layout */ = {
			isa = PBXGroup;
			children = (
				32896798294E4ACD00A37898 /* OnBoardingItemView.xib */,
			);
			path = layout;
			sourceTree = "<group>";
		};
		32A9A90D2921E031000026BE = {
			isa = PBXGroup;
			children = (
				32A9A9182921E031000026BE /* example_ios */,
				32A9A92F2921E032000026BE /* example_iosTests */,
				32A9A9392921E032000026BE /* example_iosUITests */,
				32A9A9172921E031000026BE /* Products */,
				7891BCA28D9FC19808A35D66 /* Pods */,
				F89E9E3328721D36F1DAAFD7 /* Frameworks */,
			);
			sourceTree = "<group>";
		};
		32A9A9172921E031000026BE /* Products */ = {
			isa = PBXGroup;
			children = (
				32A9A9162921E031000026BE /* example_ios.app */,
				32A9A92C2921E032000026BE /* example_iosTests.xctest */,
				32A9A9362921E032000026BE /* example_iosUITests.xctest */,
			);
			name = Products;
			sourceTree = "<group>";
		};
		32A9A9182921E031000026BE /* example_ios */ = {
			isa = PBXGroup;
			children = (
				328967A7294F44CE00A37898 /* assets.xcassets */,
				32A9A9192921E031000026BE /* AppDelegate.swift */,
				32A9A91B2921E031000026BE /* SceneDelegate.swift */,
				3289674F294D239F00A37898 /* app */,
				3289675C294E46C300A37898 /* font */,
				32896797294E4AB400A37898 /* layout */,
				32896750294D23B200A37898 /* navigation */,
				32A9A9272921E032000026BE /* Info.plist */,
			);
			path = example_ios;
			sourceTree = "<group>";
		};
		32A9A92F2921E032000026BE /* example_iosTests */ = {
			isa = PBXGroup;
			children = (
				32A9A9302921E032000026BE /* example_iosTests.swift */,
			);
			path = example_iosTests;
			sourceTree = "<group>";
		};
		32A9A9392921E032000026BE /* example_iosUITests */ = {
			isa = PBXGroup;
			children = (
				32A9A93A2921E032000026BE /* example_iosUITests.swift */,
				32A9A93C2921E032000026BE /* example_iosUITestsLaunchTests.swift */,
			);
			path = example_iosUITests;
			sourceTree = "<group>";
		};
		7891BCA28D9FC19808A35D66 /* Pods */ = {
			isa = PBXGroup;
			children = (
				7BC5C1D099BF24E78D9DC46D /* Pods-example_ios.debug.xcconfig */,
				E1FFC7195CC291489731D609 /* Pods-example_ios.release.xcconfig */,
			);
			path = Pods;
			sourceTree = "<group>";
		};
		F89E9E3328721D36F1DAAFD7 /* Frameworks */ = {
			isa = PBXGroup;
			children = (
				1442A8FAF14329047FDDE7FF /* Pods_example_ios.framework */,
			);
			name = Frameworks;
			sourceTree = "<group>";
		};
/* End PBXGroup section */

/* Begin PBXNativeTarget section */
		32A9A9152921E031000026BE /* example_ios */ = {
			isa = PBXNativeTarget;
			buildConfigurationList = 32A9A9402921E032000026BE /* Build configuration list for PBXNativeTarget "example_ios" */;
			buildPhases = (
				24BBB2AFC4AC90719DA9E280 /* [CP] Check Pods Manifest.lock */,
				32A9A9122921E031000026BE /* Sources */,
				32A9A9132921E031000026BE /* Frameworks */,
				32A9A9142921E031000026BE /* Resources */,
				3EFBCFF660CBBB4918AE1ECE /* [CP] Embed Pods Frameworks */,
				FE96804CBCA5BFA92BA6D183 /* [CP] Copy Pods Resources */,
			);
			buildRules = (
			);
			dependencies = (
			);
			name = example_ios;
			productName = example_ios;
			productReference = 32A9A9162921E031000026BE /* example_ios.app */;
			productType = "com.apple.product-type.application";
		};
		32A9A92B2921E032000026BE /* example_iosTests */ = {
			isa = PBXNativeTarget;
			buildConfigurationList = 32A9A9432921E032000026BE /* Build configuration list for PBXNativeTarget "example_iosTests" */;
			buildPhases = (
				32A9A9282921E032000026BE /* Sources */,
				32A9A9292921E032000026BE /* Frameworks */,
				32A9A92A2921E032000026BE /* Resources */,
			);
			buildRules = (
			);
			dependencies = (
				32A9A92E2921E032000026BE /* PBXTargetDependency */,
			);
			name = example_iosTests;
			productName = example_iosTests;
			productReference = 32A9A92C2921E032000026BE /* example_iosTests.xctest */;
			productType = "com.apple.product-type.bundle.unit-test";
		};
		32A9A9352921E032000026BE /* example_iosUITests */ = {
			isa = PBXNativeTarget;
			buildConfigurationList = 32A9A9462921E032000026BE /* Build configuration list for PBXNativeTarget "example_iosUITests" */;
			buildPhases = (
				32A9A9322921E032000026BE /* Sources */,
				32A9A9332921E032000026BE /* Frameworks */,
				32A9A9342921E032000026BE /* Resources */,
			);
			buildRules = (
			);
			dependencies = (
				32A9A9382921E032000026BE /* PBXTargetDependency */,
			);
			name = example_iosUITests;
			productName = example_iosUITests;
			productReference = 32A9A9362921E032000026BE /* example_iosUITests.xctest */;
			productType = "com.apple.product-type.bundle.ui-testing";
		};
/* End PBXNativeTarget section */

/* Begin PBXProject section */
		32A9A90E2921E031000026BE /* Project object */ = {
			isa = PBXProject;
			attributes = {
				BuildIndependentTargetsInParallel = 1;
				LastSwiftUpdateCheck = 1330;
				LastUpgradeCheck = 1330;
				TargetAttributes = {
					32A9A9152921E031000026BE = {
						CreatedOnToolsVersion = 13.3;
					};
					32A9A92B2921E032000026BE = {
						CreatedOnToolsVersion = 13.3;
						TestTargetID = 32A9A9152921E031000026BE;
					};
					32A9A9352921E032000026BE = {
						CreatedOnToolsVersion = 13.3;
						TestTargetID = 32A9A9152921E031000026BE;
					};
				};
			};
			buildConfigurationList = 32A9A9112921E031000026BE /* Build configuration list for PBXProject "example_ios" */;
			compatibilityVersion = "Xcode 13.0";
			developmentRegion = en;
			hasScannedForEncodings = 0;
			knownRegions = (
				en,
				Base,
			);
			mainGroup = 32A9A90D2921E031000026BE;
			productRefGroup = 32A9A9172921E031000026BE /* Products */;
			projectDirPath = "";
			projectRoot = "";
			targets = (
				32A9A9152921E031000026BE /* example_ios */,
				32A9A92B2921E032000026BE /* example_iosTests */,
				32A9A9352921E032000026BE /* example_iosUITests */,
			);
		};
/* End PBXProject section */

/* Begin PBXResourcesBuildPhase section */
		32A9A9142921E031000026BE /* Resources */ = {
			isa = PBXResourcesBuildPhase;
			buildActionMask = 2147483647;
			files = (
				328E678F2953050A006B672F /* rubik_light.ttf in Resources */,
				328E67A02953050A006B672F /* rubik_medium_italic.ttf in Resources */,
				328E67882953050A006B672F /* poppins_regular.otf in Resources */,
				328E679C2953050A006B672F /* rubik_italic.ttf in Resources */,
				328E678A2953050A006B672F /* poppins_extra_light.otf in Resources */,
				32896752294DB89200A37898 /* OrderNav.storyboard in Resources */,
				32896746294BC65C00A37898 /* MainNav.storyboard in Resources */,
				328E67972953050A006B672F /* poppins_thin_italic.otf in Resources */,
				328E67862953050A006B672F /* poppins_thin.otf in Resources */,
				328E678B2953050A006B672F /* poppins_extra_bold.otf in Resources */,
				328E67912953050A006B672F /* poppins_bold_italic.otf in Resources */,
				328E678C2953050A006B672F /* rubik_black.ttf in Resources */,
				328E67872953050A006B672F /* poppins_light_italic.otf in Resources */,
				328E67922953050A006B672F /* poppins_semi_bold_italic.otf in Resources */,
				328E679E2953050A006B672F /* poppins_black.otf in Resources */,
				328E679B2953050A006B672F /* poppins_bold.otf in Resources */,
				328E67982953050A006B672F /* poppins_medium_italic.otf in Resources */,
				32896799294E4ACD00A37898 /* OnBoardingItemView.xib in Resources */,
				328E67942953050A006B672F /* rubik_black_italic.ttf in Resources */,
				32896754294DB89D00A37898 /* ProfileNav.storyboard in Resources */,
				328967A8294F44CE00A37898 /* assets.xcassets in Resources */,
				328E678E2953050A006B672F /* rubik_regular.ttf in Resources */,
				328E67952953050A006B672F /* poppins_light.otf in Resources */,
				328E67932953050A006B672F /* rubik_medium.ttf in Resources */,
				328E678D2953050A006B672F /* poppins_medium.otf in Resources */,
				328E679A2953050A006B672F /* poppins_extra_bold_italic.otf in Resources */,
				328E67992953050A006B672F /* poppins_extra_light_italic.otf in Resources */,
				3289674C294D1EE700A37898 /* HomeNav.storyboard in Resources */,
				328E67892953050A006B672F /* poppins_italic.otf in Resources */,
				328E67852953050A006B672F /* rubik_bold_italic.ttf in Resources */,
				328E67902953050A006B672F /* poppins_black_italic.otf in Resources */,
				328E679F2953050A006B672F /* rubik_light_italic.ttf in Resources */,
				328E67962953050A006B672F /* rubik_bold.ttf in Resources */,
				328E679D2953050A006B672F /* poppins_semi_bold.otf in Resources */,
			);
			runOnlyForDeploymentPostprocessing = 0;
		};
		32A9A92A2921E032000026BE /* Resources */ = {
			isa = PBXResourcesBuildPhase;
			buildActionMask = 2147483647;
			files = (
			);
			runOnlyForDeploymentPostprocessing = 0;
		};
		32A9A9342921E032000026BE /* Resources */ = {
			isa = PBXResourcesBuildPhase;
			buildActionMask = 2147483647;
			files = (
			);
			runOnlyForDeploymentPostprocessing = 0;
		};
/* End PBXResourcesBuildPhase section */

/* Begin PBXShellScriptBuildPhase section */
		24BBB2AFC4AC90719DA9E280 /* [CP] Check Pods Manifest.lock */ = {
			isa = PBXShellScriptBuildPhase;
			buildActionMask = 2147483647;
			files = (
			);
			inputFileListPaths = (
			);
			inputPaths = (
				"${PODS_PODFILE_DIR_PATH}/Podfile.lock",
				"${PODS_ROOT}/Manifest.lock",
			);
			name = "[CP] Check Pods Manifest.lock";
			outputFileListPaths = (
			);
			outputPaths = (
				"$(DERIVED_FILE_DIR)/Pods-example_ios-checkManifestLockResult.txt",
			);
			runOnlyForDeploymentPostprocessing = 0;
			shellPath = /bin/sh;
			shellScript = "diff \"${PODS_PODFILE_DIR_PATH}/Podfile.lock\" \"${PODS_ROOT}/Manifest.lock\" > /dev/null\nif [ $? != 0 ] ; then\n    # print error to STDERR\n    echo \"error: The sandbox is not in sync with the Podfile.lock. Run 'pod install' or update your CocoaPods installation.\" >&2\n    exit 1\nfi\n# This output is used by Xcode 'outputs' to avoid re-running this script phase.\necho \"SUCCESS\" > \"${SCRIPT_OUTPUT_FILE_0}\"\n";
			showEnvVarsInLog = 0;
		};
		3EFBCFF660CBBB4918AE1ECE /* [CP] Embed Pods Frameworks */ = {
			isa = PBXShellScriptBuildPhase;
			buildActionMask = 2147483647;
			files = (
			);
			inputFileListPaths = (
			);
			name = "[CP] Embed Pods Frameworks";
			outputFileListPaths = (
			);
			runOnlyForDeploymentPostprocessing = 0;
			shellPath = /bin/sh;
			shellScript = "\"${PODS_ROOT}/Target Support Files/Pods-example_ios/Pods-example_ios-frameworks.sh\"\n";
			showEnvVarsInLog = 0;
		};
		FE96804CBCA5BFA92BA6D183 /* [CP] Copy Pods Resources */ = {
			isa = PBXShellScriptBuildPhase;
			buildActionMask = 2147483647;
			files = (
			);
			inputFileListPaths = (
			);
			name = "[CP] Copy Pods Resources";
			outputFileListPaths = (
			);
			runOnlyForDeploymentPostprocessing = 0;
			shellPath = /bin/sh;
			shellScript = "\"${PODS_ROOT}/Target Support Files/Pods-example_ios/Pods-example_ios-resources.sh\"\n";
			showEnvVarsInLog = 0;
		};
/* End PBXShellScriptBuildPhase section */

/* Begin PBXSourcesBuildPhase section */
		32A9A9122921E031000026BE /* Sources */ = {
			isa = PBXSourcesBuildPhase;
			buildActionMask = 2147483647;
			files = (
				32A9A91A2921E031000026BE /* AppDelegate.swift in Sources */,
				32BC1D382958ABE10023B99F /* OrderNavController.swift in Sources */,
				32A9A91C2921E031000026BE /* SceneDelegate.swift in Sources */,
				32896741294BB4E300A37898 /* HomeNavController.swift in Sources */,
				32896748294C1A5A00A37898 /* MainNavController.swift in Sources */,
				3289679B294E4C4800A37898 /* OnBoardingItemViewController.swift in Sources */,
			);
			runOnlyForDeploymentPostprocessing = 0;
		};
		32A9A9282921E032000026BE /* Sources */ = {
			isa = PBXSourcesBuildPhase;
			buildActionMask = 2147483647;
			files = (
				32A9A9312921E032000026BE /* example_iosTests.swift in Sources */,
			);
			runOnlyForDeploymentPostprocessing = 0;
		};
		32A9A9322921E032000026BE /* Sources */ = {
			isa = PBXSourcesBuildPhase;
			buildActionMask = 2147483647;
			files = (
				32A9A93B2921E032000026BE /* example_iosUITests.swift in Sources */,
				32A9A93D2921E032000026BE /* example_iosUITestsLaunchTests.swift in Sources */,
			);
			runOnlyForDeploymentPostprocessing = 0;
		};
/* End PBXSourcesBuildPhase section */

/* Begin PBXTargetDependency section */
		32A9A92E2921E032000026BE /* PBXTargetDependency */ = {
			isa = PBXTargetDependency;
			target = 32A9A9152921E031000026BE /* example_ios */;
			targetProxy = 32A9A92D2921E032000026BE /* PBXContainerItemProxy */;
		};
		32A9A9382921E032000026BE /* PBXTargetDependency */ = {
			isa = PBXTargetDependency;
			target = 32A9A9152921E031000026BE /* example_ios */;
			targetProxy = 32A9A9372921E032000026BE /* PBXContainerItemProxy */;
		};
/* End PBXTargetDependency section */

/* Begin XCBuildConfiguration section */
		32A9A93E2921E032000026BE /* Debug */ = {
			isa = XCBuildConfiguration;
			buildSettings = {
				ALWAYS_SEARCH_USER_PATHS = NO;
				CLANG_ANALYZER_NONNULL = YES;
				CLANG_ANALYZER_NUMBER_OBJECT_CONVERSION = YES_AGGRESSIVE;
				CLANG_CXX_LANGUAGE_STANDARD = "gnu++17";
				CLANG_ENABLE_MODULES = YES;
				CLANG_ENABLE_OBJC_ARC = YES;
				CLANG_ENABLE_OBJC_WEAK = YES;
				CLANG_WARN_BLOCK_CAPTURE_AUTORELEASING = YES;
				CLANG_WARN_BOOL_CONVERSION = YES;
				CLANG_WARN_COMMA = YES;
				CLANG_WARN_CONSTANT_CONVERSION = YES;
				CLANG_WARN_DEPRECATED_OBJC_IMPLEMENTATIONS = YES;
				CLANG_WARN_DIRECT_OBJC_ISA_USAGE = YES_ERROR;
				CLANG_WARN_DOCUMENTATION_COMMENTS = YES;
				CLANG_WARN_EMPTY_BODY = YES;
				CLANG_WARN_ENUM_CONVERSION = YES;
				CLANG_WARN_INFINITE_RECURSION = YES;
				CLANG_WARN_INT_CONVERSION = YES;
				CLANG_WARN_NON_LITERAL_NULL_CONVERSION = YES;
				CLANG_WARN_OBJC_IMPLICIT_RETAIN_SELF = YES;
				CLANG_WARN_OBJC_LITERAL_CONVERSION = YES;
				CLANG_WARN_OBJC_ROOT_CLASS = YES_ERROR;
				CLANG_WARN_QUOTED_INCLUDE_IN_FRAMEWORK_HEADER = YES;
				CLANG_WARN_RANGE_LOOP_ANALYSIS = YES;
				CLANG_WARN_STRICT_PROTOTYPES = YES;
				CLANG_WARN_SUSPICIOUS_MOVE = YES;
				CLANG_WARN_UNGUARDED_AVAILABILITY = YES_AGGRESSIVE;
				CLANG_WARN_UNREACHABLE_CODE = YES;
				CLANG_WARN__DUPLICATE_METHOD_MATCH = YES;
				COPY_PHASE_STRIP = NO;
				DEBUG_INFORMATION_FORMAT = dwarf;
				ENABLE_STRICT_OBJC_MSGSEND = YES;
				ENABLE_TESTABILITY = YES;
				GCC_C_LANGUAGE_STANDARD = gnu11;
				GCC_DYNAMIC_NO_PIC = NO;
				GCC_NO_COMMON_BLOCKS = YES;
				GCC_OPTIMIZATION_LEVEL = 0;
				GCC_PREPROCESSOR_DEFINITIONS = (
					"DEBUG=1",
					"$(inherited)",
				);
				GCC_WARN_64_TO_32_BIT_CONVERSION = YES;
				GCC_WARN_ABOUT_RETURN_TYPE = YES_ERROR;
				GCC_WARN_UNDECLARED_SELECTOR = YES;
				GCC_WARN_UNINITIALIZED_AUTOS = YES_AGGRESSIVE;
				GCC_WARN_UNUSED_FUNCTION = YES;
				GCC_WARN_UNUSED_VARIABLE = YES;
				IPHONEOS_DEPLOYMENT_TARGET = 15.4;
				MTL_ENABLE_DEBUG_INFO = INCLUDE_SOURCE;
				MTL_FAST_MATH = YES;
				ONLY_ACTIVE_ARCH = YES;
				SDKROOT = iphoneos;
				SWIFT_ACTIVE_COMPILATION_CONDITIONS = DEBUG;
				SWIFT_OPTIMIZATION_LEVEL = "-Onone";
			};
			name = Debug;
		};
		32A9A93F2921E032000026BE /* Release */ = {
			isa = XCBuildConfiguration;
			buildSettings = {
				ALWAYS_SEARCH_USER_PATHS = NO;
				CLANG_ANALYZER_NONNULL = YES;
				CLANG_ANALYZER_NUMBER_OBJECT_CONVERSION = YES_AGGRESSIVE;
				CLANG_CXX_LANGUAGE_STANDARD = "gnu++17";
				CLANG_ENABLE_MODULES = YES;
				CLANG_ENABLE_OBJC_ARC = YES;
				CLANG_ENABLE_OBJC_WEAK = YES;
				CLANG_WARN_BLOCK_CAPTURE_AUTORELEASING = YES;
				CLANG_WARN_BOOL_CONVERSION = YES;
				CLANG_WARN_COMMA = YES;
				CLANG_WARN_CONSTANT_CONVERSION = YES;
				CLANG_WARN_DEPRECATED_OBJC_IMPLEMENTATIONS = YES;
				CLANG_WARN_DIRECT_OBJC_ISA_USAGE = YES_ERROR;
				CLANG_WARN_DOCUMENTATION_COMMENTS = YES;
				CLANG_WARN_EMPTY_BODY = YES;
				CLANG_WARN_ENUM_CONVERSION = YES;
				CLANG_WARN_INFINITE_RECURSION = YES;
				CLANG_WARN_INT_CONVERSION = YES;
				CLANG_WARN_NON_LITERAL_NULL_CONVERSION = YES;
				CLANG_WARN_OBJC_IMPLICIT_RETAIN_SELF = YES;
				CLANG_WARN_OBJC_LITERAL_CONVERSION = YES;
				CLANG_WARN_OBJC_ROOT_CLASS = YES_ERROR;
				CLANG_WARN_QUOTED_INCLUDE_IN_FRAMEWORK_HEADER = YES;
				CLANG_WARN_RANGE_LOOP_ANALYSIS = YES;
				CLANG_WARN_STRICT_PROTOTYPES = YES;
				CLANG_WARN_SUSPICIOUS_MOVE = YES;
				CLANG_WARN_UNGUARDED_AVAILABILITY = YES_AGGRESSIVE;
				CLANG_WARN_UNREACHABLE_CODE = YES;
				CLANG_WARN__DUPLICATE_METHOD_MATCH = YES;
				COPY_PHASE_STRIP = NO;
				DEBUG_INFORMATION_FORMAT = "dwarf-with-dsym";
				ENABLE_NS_ASSERTIONS = NO;
				ENABLE_STRICT_OBJC_MSGSEND = YES;
				GCC_C_LANGUAGE_STANDARD = gnu11;
				GCC_NO_COMMON_BLOCKS = YES;
				GCC_WARN_64_TO_32_BIT_CONVERSION = YES;
				GCC_WARN_ABOUT_RETURN_TYPE = YES_ERROR;
				GCC_WARN_UNDECLARED_SELECTOR = YES;
				GCC_WARN_UNINITIALIZED_AUTOS = YES_AGGRESSIVE;
				GCC_WARN_UNUSED_FUNCTION = YES;
				GCC_WARN_UNUSED_VARIABLE = YES;
				IPHONEOS_DEPLOYMENT_TARGET = 15.4;
				MTL_ENABLE_DEBUG_INFO = NO;
				MTL_FAST_MATH = YES;
				SDKROOT = iphoneos;
				SWIFT_COMPILATION_MODE = wholemodule;
				SWIFT_OPTIMIZATION_LEVEL = "-O";
				VALIDATE_PRODUCT = YES;
			};
			name = Release;
		};
		32A9A9412921E032000026BE /* Debug */ = {
			isa = XCBuildConfiguration;
			baseConfigurationReference = 7BC5C1D099BF24E78D9DC46D /* Pods-example_ios.debug.xcconfig */;
			buildSettings = {
				ASSETCATALOG_COMPILER_APPICON_NAME = AppIcon;
				ASSETCATALOG_COMPILER_GLOBAL_ACCENT_COLOR_NAME = AccentColor;
				ASSETCATALOG_COMPILER_INCLUDE_ALL_APPICON_ASSETS = NO;
				CODE_SIGN_STYLE = Automatic;
				CURRENT_PROJECT_VERSION = 1;
				DEVELOPMENT_TEAM = LUNTNML5F5;
				GENERATE_INFOPLIST_FILE = YES;
				HOST = "dev.klana-id.com";
				INFOPLIST_FILE = example_ios/Info.plist;
				INFOPLIST_KEY_CFBundleDisplayName = "Example App";
				INFOPLIST_KEY_UIApplicationSupportsIndirectInputEvents = YES;
				INFOPLIST_KEY_UILaunchStoryboardName = LaunchNav;
				INFOPLIST_KEY_UIMainStoryboardFile = MainNav;
				INFOPLIST_KEY_UISupportedInterfaceOrientations_iPad = "UIInterfaceOrientationPortrait UIInterfaceOrientationPortraitUpsideDown UIInterfaceOrientationLandscapeLeft UIInterfaceOrientationLandscapeRight";
				INFOPLIST_KEY_UISupportedInterfaceOrientations_iPhone = "UIInterfaceOrientationPortrait UIInterfaceOrientationLandscapeLeft UIInterfaceOrientationLandscapeRight";
				LD_RUNPATH_SEARCH_PATHS = (
					"$(inherited)",
					"@executable_path/Frameworks",
				);
				MARKETING_VERSION = 1.0;
				PRODUCT_BUNDLE_IDENTIFIER = multi.platform.app;
				PRODUCT_NAME = "$(TARGET_NAME)";
				SWIFT_EMIT_LOC_STRINGS = YES;
				SWIFT_VERSION = 5.0;
				TARGETED_DEVICE_FAMILY = "1,2";
				VERSION_INFO_SUFFIX = "-debug";
			};
			name = Debug;
		};
		32A9A9422921E032000026BE /* Release */ = {
			isa = XCBuildConfiguration;
			baseConfigurationReference = E1FFC7195CC291489731D609 /* Pods-example_ios.release.xcconfig */;
			buildSettings = {
				ASSETCATALOG_COMPILER_APPICON_NAME = AppIcon;
				ASSETCATALOG_COMPILER_GLOBAL_ACCENT_COLOR_NAME = AccentColor;
				ASSETCATALOG_COMPILER_INCLUDE_ALL_APPICON_ASSETS = NO;
				CODE_SIGN_STYLE = Automatic;
				CURRENT_PROJECT_VERSION = 1;
				DEVELOPMENT_TEAM = LUNTNML5F5;
				GENERATE_INFOPLIST_FILE = YES;
				HOST = "dev.klana-id.com";
				INFOPLIST_FILE = example_ios/Info.plist;
				INFOPLIST_KEY_CFBundleDisplayName = "Example App";
				INFOPLIST_KEY_UIApplicationSupportsIndirectInputEvents = YES;
				INFOPLIST_KEY_UILaunchStoryboardName = LaunchNav;
				INFOPLIST_KEY_UIMainStoryboardFile = MainNav;
				INFOPLIST_KEY_UISupportedInterfaceOrientations_iPad = "UIInterfaceOrientationPortrait UIInterfaceOrientationPortraitUpsideDown UIInterfaceOrientationLandscapeLeft UIInterfaceOrientationLandscapeRight";
				INFOPLIST_KEY_UISupportedInterfaceOrientations_iPhone = "UIInterfaceOrientationPortrait UIInterfaceOrientationLandscapeLeft UIInterfaceOrientationLandscapeRight";
				LD_RUNPATH_SEARCH_PATHS = (
					"$(inherited)",
					"@executable_path/Frameworks",
				);
				MARKETING_VERSION = 1.0;
				PRODUCT_BUNDLE_IDENTIFIER = multi.platform.app;
				PRODUCT_NAME = "$(TARGET_NAME)";
				SWIFT_EMIT_LOC_STRINGS = YES;
				SWIFT_VERSION = 5.0;
				TARGETED_DEVICE_FAMILY = "1,2";
			};
			name = Release;
		};
		32A9A9442921E032000026BE /* Debug */ = {
			isa = XCBuildConfiguration;
			buildSettings = {
				ALWAYS_EMBED_SWIFT_STANDARD_LIBRARIES = YES;
				BUNDLE_LOADER = "$(TEST_HOST)";
				CODE_SIGN_STYLE = Automatic;
				CURRENT_PROJECT_VERSION = 1;
				DEVELOPMENT_TEAM = LUNTNML5F5;
				GENERATE_INFOPLIST_FILE = YES;
				IPHONEOS_DEPLOYMENT_TARGET = 15.4;
				MARKETING_VERSION = 1.0;
				PRODUCT_BUNDLE_IDENTIFIER = "multi.platform.core.example-iosTests";
				PRODUCT_NAME = "$(TARGET_NAME)";
				SWIFT_EMIT_LOC_STRINGS = NO;
				SWIFT_VERSION = 5.0;
				TARGETED_DEVICE_FAMILY = "1,2";
				TEST_HOST = "$(BUILT_PRODUCTS_DIR)/example_ios.app/example_ios";
			};
			name = Debug;
		};
		32A9A9452921E032000026BE /* Release */ = {
			isa = XCBuildConfiguration;
			buildSettings = {
				ALWAYS_EMBED_SWIFT_STANDARD_LIBRARIES = YES;
				BUNDLE_LOADER = "$(TEST_HOST)";
				CODE_SIGN_STYLE = Automatic;
				CURRENT_PROJECT_VERSION = 1;
				DEVELOPMENT_TEAM = LUNTNML5F5;
				GENERATE_INFOPLIST_FILE = YES;
				IPHONEOS_DEPLOYMENT_TARGET = 15.4;
				MARKETING_VERSION = 1.0;
				PRODUCT_BUNDLE_IDENTIFIER = "multi.platform.core.example-iosTests";
				PRODUCT_NAME = "$(TARGET_NAME)";
				SWIFT_EMIT_LOC_STRINGS = NO;
				SWIFT_VERSION = 5.0;
				TARGETED_DEVICE_FAMILY = "1,2";
				TEST_HOST = "$(BUILT_PRODUCTS_DIR)/example_ios.app/example_ios";
			};
			name = Release;
		};
		32A9A9472921E032000026BE /* Debug */ = {
			isa = XCBuildConfiguration;
			buildSettings = {
				ALWAYS_EMBED_SWIFT_STANDARD_LIBRARIES = YES;
				CODE_SIGN_STYLE = Automatic;
				CURRENT_PROJECT_VERSION = 1;
				DEVELOPMENT_TEAM = LUNTNML5F5;
				GENERATE_INFOPLIST_FILE = YES;
				MARKETING_VERSION = 1.0;
				PRODUCT_BUNDLE_IDENTIFIER = "multi.platform.core.example-iosUITests";
				PRODUCT_NAME = "$(TARGET_NAME)";
				SWIFT_EMIT_LOC_STRINGS = NO;
				SWIFT_VERSION = 5.0;
				TARGETED_DEVICE_FAMILY = "1,2";
				TEST_TARGET_NAME = example_ios;
			};
			name = Debug;
		};
		32A9A9482921E032000026BE /* Release */ = {
			isa = XCBuildConfiguration;
			buildSettings = {
				ALWAYS_EMBED_SWIFT_STANDARD_LIBRARIES = YES;
				CODE_SIGN_STYLE = Automatic;
				CURRENT_PROJECT_VERSION = 1;
				DEVELOPMENT_TEAM = LUNTNML5F5;
				GENERATE_INFOPLIST_FILE = YES;
				MARKETING_VERSION = 1.0;
				PRODUCT_BUNDLE_IDENTIFIER = "multi.platform.core.example-iosUITests";
				PRODUCT_NAME = "$(TARGET_NAME)";
				SWIFT_EMIT_LOC_STRINGS = NO;
				SWIFT_VERSION = 5.0;
				TARGETED_DEVICE_FAMILY = "1,2";
				TEST_TARGET_NAME = example_ios;
			};
			name = Release;
		};
		32BC1CDA295524500023B99F /* Beta */ = {
			isa = XCBuildConfiguration;
			buildSettings = {
				ALWAYS_SEARCH_USER_PATHS = NO;
				CLANG_ANALYZER_NONNULL = YES;
				CLANG_ANALYZER_NUMBER_OBJECT_CONVERSION = YES_AGGRESSIVE;
				CLANG_CXX_LANGUAGE_STANDARD = "gnu++17";
				CLANG_ENABLE_MODULES = YES;
				CLANG_ENABLE_OBJC_ARC = YES;
				CLANG_ENABLE_OBJC_WEAK = YES;
				CLANG_WARN_BLOCK_CAPTURE_AUTORELEASING = YES;
				CLANG_WARN_BOOL_CONVERSION = YES;
				CLANG_WARN_COMMA = YES;
				CLANG_WARN_CONSTANT_CONVERSION = YES;
				CLANG_WARN_DEPRECATED_OBJC_IMPLEMENTATIONS = YES;
				CLANG_WARN_DIRECT_OBJC_ISA_USAGE = YES_ERROR;
				CLANG_WARN_DOCUMENTATION_COMMENTS = YES;
				CLANG_WARN_EMPTY_BODY = YES;
				CLANG_WARN_ENUM_CONVERSION = YES;
				CLANG_WARN_INFINITE_RECURSION = YES;
				CLANG_WARN_INT_CONVERSION = YES;
				CLANG_WARN_NON_LITERAL_NULL_CONVERSION = YES;
				CLANG_WARN_OBJC_IMPLICIT_RETAIN_SELF = YES;
				CLANG_WARN_OBJC_LITERAL_CONVERSION = YES;
				CLANG_WARN_OBJC_ROOT_CLASS = YES_ERROR;
				CLANG_WARN_QUOTED_INCLUDE_IN_FRAMEWORK_HEADER = YES;
				CLANG_WARN_RANGE_LOOP_ANALYSIS = YES;
				CLANG_WARN_STRICT_PROTOTYPES = YES;
				CLANG_WARN_SUSPICIOUS_MOVE = YES;
				CLANG_WARN_UNGUARDED_AVAILABILITY = YES_AGGRESSIVE;
				CLANG_WARN_UNREACHABLE_CODE = YES;
				CLANG_WARN__DUPLICATE_METHOD_MATCH = YES;
				COPY_PHASE_STRIP = NO;
				DEBUG_INFORMATION_FORMAT = "dwarf-with-dsym";
				ENABLE_NS_ASSERTIONS = NO;
				ENABLE_STRICT_OBJC_MSGSEND = YES;
				GCC_C_LANGUAGE_STANDARD = gnu11;
				GCC_NO_COMMON_BLOCKS = YES;
				GCC_WARN_64_TO_32_BIT_CONVERSION = YES;
				GCC_WARN_ABOUT_RETURN_TYPE = YES_ERROR;
				GCC_WARN_UNDECLARED_SELECTOR = YES;
				GCC_WARN_UNINITIALIZED_AUTOS = YES_AGGRESSIVE;
				GCC_WARN_UNUSED_FUNCTION = YES;
				GCC_WARN_UNUSED_VARIABLE = YES;
				IPHONEOS_DEPLOYMENT_TARGET = 15.4;
				MTL_ENABLE_DEBUG_INFO = NO;
				MTL_FAST_MATH = YES;
				SDKROOT = iphoneos;
				SWIFT_COMPILATION_MODE = wholemodule;
				SWIFT_OPTIMIZATION_LEVEL = "-O";
				VALIDATE_PRODUCT = YES;
			};
			name = Beta;
		};
		32BC1CDB295524500023B99F /* Beta */ = {
			isa = XCBuildConfiguration;
			baseConfigurationReference = E1FFC7195CC291489731D609 /* Pods-example_ios.release.xcconfig */;
			buildSettings = {
				ASSETCATALOG_COMPILER_APPICON_NAME = AppIcon;
				ASSETCATALOG_COMPILER_GLOBAL_ACCENT_COLOR_NAME = AccentColor;
				ASSETCATALOG_COMPILER_INCLUDE_ALL_APPICON_ASSETS = NO;
				CODE_SIGN_STYLE = Automatic;
				CURRENT_PROJECT_VERSION = 1;
				DEVELOPMENT_TEAM = LUNTNML5F5;
				GENERATE_INFOPLIST_FILE = YES;
				HOST = "dev.klana-id.com";
				INFOPLIST_FILE = example_ios/Info.plist;
				INFOPLIST_KEY_CFBundleDisplayName = "Example App";
				INFOPLIST_KEY_UIApplicationSupportsIndirectInputEvents = YES;
				INFOPLIST_KEY_UILaunchStoryboardName = LaunchNav;
				INFOPLIST_KEY_UIMainStoryboardFile = MainNav;
				INFOPLIST_KEY_UISupportedInterfaceOrientations_iPad = "UIInterfaceOrientationPortrait UIInterfaceOrientationPortraitUpsideDown UIInterfaceOrientationLandscapeLeft UIInterfaceOrientationLandscapeRight";
				INFOPLIST_KEY_UISupportedInterfaceOrientations_iPhone = "UIInterfaceOrientationPortrait UIInterfaceOrientationLandscapeLeft UIInterfaceOrientationLandscapeRight";
				LD_RUNPATH_SEARCH_PATHS = (
					"$(inherited)",
					"@executable_path/Frameworks",
				);
				MARKETING_VERSION = 1.0;
				PRODUCT_BUNDLE_IDENTIFIER = multi.platform.app;
				PRODUCT_NAME = "$(TARGET_NAME)";
				SWIFT_EMIT_LOC_STRINGS = YES;
				SWIFT_VERSION = 5.0;
				TARGETED_DEVICE_FAMILY = "1,2";
				VERSION_INFO_SUFFIX = "-beta";
			};
			name = Beta;
		};
		32BC1CDC295524500023B99F /* Beta */ = {
			isa = XCBuildConfiguration;
			buildSettings = {
				ALWAYS_EMBED_SWIFT_STANDARD_LIBRARIES = YES;
				BUNDLE_LOADER = "$(TEST_HOST)";
				CODE_SIGN_STYLE = Automatic;
				CURRENT_PROJECT_VERSION = 1;
				DEVELOPMENT_TEAM = LUNTNML5F5;
				GENERATE_INFOPLIST_FILE = YES;
				IPHONEOS_DEPLOYMENT_TARGET = 15.4;
				MARKETING_VERSION = 1.0;
				PRODUCT_BUNDLE_IDENTIFIER = "multi.platform.core.example-iosTests";
				PRODUCT_NAME = "$(TARGET_NAME)";
				SWIFT_EMIT_LOC_STRINGS = NO;
				SWIFT_VERSION = 5.0;
				TARGETED_DEVICE_FAMILY = "1,2";
				TEST_HOST = "$(BUILT_PRODUCTS_DIR)/example_ios.app/example_ios";
			};
			name = Beta;
		};
		32BC1CDD295524500023B99F /* Beta */ = {
			isa = XCBuildConfiguration;
			buildSettings = {
				ALWAYS_EMBED_SWIFT_STANDARD_LIBRARIES = YES;
				CODE_SIGN_STYLE = Automatic;
				CURRENT_PROJECT_VERSION = 1;
				DEVELOPMENT_TEAM = LUNTNML5F5;
				GENERATE_INFOPLIST_FILE = YES;
				MARKETING_VERSION = 1.0;
				PRODUCT_BUNDLE_IDENTIFIER = "multi.platform.core.example-iosUITests";
				PRODUCT_NAME = "$(TARGET_NAME)";
				SWIFT_EMIT_LOC_STRINGS = NO;
				SWIFT_VERSION = 5.0;
				TARGETED_DEVICE_FAMILY = "1,2";
				TEST_TARGET_NAME = example_ios;
			};
			name = Beta;
		};
		32BC1CDE295524660023B99F /* Staging */ = {
			isa = XCBuildConfiguration;
			buildSettings = {
				ALWAYS_SEARCH_USER_PATHS = NO;
				CLANG_ANALYZER_NONNULL = YES;
				CLANG_ANALYZER_NUMBER_OBJECT_CONVERSION = YES_AGGRESSIVE;
				CLANG_CXX_LANGUAGE_STANDARD = "gnu++17";
				CLANG_ENABLE_MODULES = YES;
				CLANG_ENABLE_OBJC_ARC = YES;
				CLANG_ENABLE_OBJC_WEAK = YES;
				CLANG_WARN_BLOCK_CAPTURE_AUTORELEASING = YES;
				CLANG_WARN_BOOL_CONVERSION = YES;
				CLANG_WARN_COMMA = YES;
				CLANG_WARN_CONSTANT_CONVERSION = YES;
				CLANG_WARN_DEPRECATED_OBJC_IMPLEMENTATIONS = YES;
				CLANG_WARN_DIRECT_OBJC_ISA_USAGE = YES_ERROR;
				CLANG_WARN_DOCUMENTATION_COMMENTS = YES;
				CLANG_WARN_EMPTY_BODY = YES;
				CLANG_WARN_ENUM_CONVERSION = YES;
				CLANG_WARN_INFINITE_RECURSION = YES;
				CLANG_WARN_INT_CONVERSION = YES;
				CLANG_WARN_NON_LITERAL_NULL_CONVERSION = YES;
				CLANG_WARN_OBJC_IMPLICIT_RETAIN_SELF = YES;
				CLANG_WARN_OBJC_LITERAL_CONVERSION = YES;
				CLANG_WARN_OBJC_ROOT_CLASS = YES_ERROR;
				CLANG_WARN_QUOTED_INCLUDE_IN_FRAMEWORK_HEADER = YES;
				CLANG_WARN_RANGE_LOOP_ANALYSIS = YES;
				CLANG_WARN_STRICT_PROTOTYPES = YES;
				CLANG_WARN_SUSPICIOUS_MOVE = YES;
				CLANG_WARN_UNGUARDED_AVAILABILITY = YES_AGGRESSIVE;
				CLANG_WARN_UNREACHABLE_CODE = YES;
				CLANG_WARN__DUPLICATE_METHOD_MATCH = YES;
				COPY_PHASE_STRIP = NO;
				DEBUG_INFORMATION_FORMAT = dwarf;
				ENABLE_STRICT_OBJC_MSGSEND = YES;
				ENABLE_TESTABILITY = YES;
				GCC_C_LANGUAGE_STANDARD = gnu11;
				GCC_DYNAMIC_NO_PIC = NO;
				GCC_NO_COMMON_BLOCKS = YES;
				GCC_OPTIMIZATION_LEVEL = 0;
				GCC_PREPROCESSOR_DEFINITIONS = (
					"DEBUG=1",
					"$(inherited)",
				);
				GCC_WARN_64_TO_32_BIT_CONVERSION = YES;
				GCC_WARN_ABOUT_RETURN_TYPE = YES_ERROR;
				GCC_WARN_UNDECLARED_SELECTOR = YES;
				GCC_WARN_UNINITIALIZED_AUTOS = YES_AGGRESSIVE;
				GCC_WARN_UNUSED_FUNCTION = YES;
				GCC_WARN_UNUSED_VARIABLE = YES;
				IPHONEOS_DEPLOYMENT_TARGET = 15.4;
				MTL_ENABLE_DEBUG_INFO = INCLUDE_SOURCE;
				MTL_FAST_MATH = YES;
				ONLY_ACTIVE_ARCH = YES;
				SDKROOT = iphoneos;
				SWIFT_ACTIVE_COMPILATION_CONDITIONS = DEBUG;
				SWIFT_OPTIMIZATION_LEVEL = "-Onone";
			};
			name = Staging;
		};
		32BC1CDF295524660023B99F /* Staging */ = {
			isa = XCBuildConfiguration;
			baseConfigurationReference = 7BC5C1D099BF24E78D9DC46D /* Pods-example_ios.debug.xcconfig */;
			buildSettings = {
				ASSETCATALOG_COMPILER_APPICON_NAME = AppIcon;
				ASSETCATALOG_COMPILER_GLOBAL_ACCENT_COLOR_NAME = AccentColor;
				ASSETCATALOG_COMPILER_INCLUDE_ALL_APPICON_ASSETS = NO;
				CODE_SIGN_STYLE = Automatic;
				CURRENT_PROJECT_VERSION = 1;
				DEVELOPMENT_TEAM = LUNTNML5F5;
				GENERATE_INFOPLIST_FILE = YES;
				HOST = "dev.klana-id.com";
				INFOPLIST_FILE = example_ios/Info.plist;
				INFOPLIST_KEY_CFBundleDisplayName = "Example App";
				INFOPLIST_KEY_UIApplicationSupportsIndirectInputEvents = YES;
				INFOPLIST_KEY_UILaunchStoryboardName = LaunchNav;
				INFOPLIST_KEY_UIMainStoryboardFile = MainNav;
				INFOPLIST_KEY_UISupportedInterfaceOrientations_iPad = "UIInterfaceOrientationPortrait UIInterfaceOrientationPortraitUpsideDown UIInterfaceOrientationLandscapeLeft UIInterfaceOrientationLandscapeRight";
				INFOPLIST_KEY_UISupportedInterfaceOrientations_iPhone = "UIInterfaceOrientationPortrait UIInterfaceOrientationLandscapeLeft UIInterfaceOrientationLandscapeRight";
				LD_RUNPATH_SEARCH_PATHS = (
					"$(inherited)",
					"@executable_path/Frameworks",
				);
				MARKETING_VERSION = 1.0;
				PRODUCT_BUNDLE_IDENTIFIER = multi.platform.app;
				PRODUCT_NAME = "$(TARGET_NAME)";
				SWIFT_EMIT_LOC_STRINGS = YES;
				SWIFT_VERSION = 5.0;
				TARGETED_DEVICE_FAMILY = "1,2";
				VERSION_INFO_SUFFIX = "-stag";
			};
			name = Staging;
		};
		32BC1CE0295524660023B99F /* Staging */ = {
			isa = XCBuildConfiguration;
			buildSettings = {
				ALWAYS_EMBED_SWIFT_STANDARD_LIBRARIES = YES;
				BUNDLE_LOADER = "$(TEST_HOST)";
				CODE_SIGN_STYLE = Automatic;
				CURRENT_PROJECT_VERSION = 1;
				DEVELOPMENT_TEAM = LUNTNML5F5;
				GENERATE_INFOPLIST_FILE = YES;
				IPHONEOS_DEPLOYMENT_TARGET = 15.4;
				MARKETING_VERSION = 1.0;
				PRODUCT_BUNDLE_IDENTIFIER = "multi.platform.core.example-iosTests";
				PRODUCT_NAME = "$(TARGET_NAME)";
				SWIFT_EMIT_LOC_STRINGS = NO;
				SWIFT_VERSION = 5.0;
				TARGETED_DEVICE_FAMILY = "1,2";
				TEST_HOST = "$(BUILT_PRODUCTS_DIR)/example_ios.app/example_ios";
			};
			name = Staging;
		};
		32BC1CE1295524660023B99F /* Staging */ = {
			isa = XCBuildConfiguration;
			buildSettings = {
				ALWAYS_EMBED_SWIFT_STANDARD_LIBRARIES = YES;
				CODE_SIGN_STYLE = Automatic;
				CURRENT_PROJECT_VERSION = 1;
				DEVELOPMENT_TEAM = LUNTNML5F5;
				GENERATE_INFOPLIST_FILE = YES;
				MARKETING_VERSION = 1.0;
				PRODUCT_BUNDLE_IDENTIFIER = "multi.platform.core.example-iosUITests";
				PRODUCT_NAME = "$(TARGET_NAME)";
				SWIFT_EMIT_LOC_STRINGS = NO;
				SWIFT_VERSION = 5.0;
				TARGETED_DEVICE_FAMILY = "1,2";
				TEST_TARGET_NAME = example_ios;
			};
			name = Staging;
		};
/* End XCBuildConfiguration section */

/* Begin XCConfigurationList section */
		32A9A9112921E031000026BE /* Build configuration list for PBXProject "example_ios" */ = {
			isa = XCConfigurationList;
			buildConfigurations = (
				32A9A93E2921E032000026BE /* Debug */,
				32BC1CDE295524660023B99F /* Staging */,
				32A9A93F2921E032000026BE /* Release */,
				32BC1CDA295524500023B99F /* Beta */,
			);
			defaultConfigurationIsVisible = 0;
			defaultConfigurationName = Release;
		};
		32A9A9402921E032000026BE /* Build configuration list for PBXNativeTarget "example_ios" */ = {
			isa = XCConfigurationList;
			buildConfigurations = (
				32A9A9412921E032000026BE /* Debug */,
				32BC1CDF295524660023B99F /* Staging */,
				32A9A9422921E032000026BE /* Release */,
				32BC1CDB295524500023B99F /* Beta */,
			);
			defaultConfigurationIsVisible = 0;
			defaultConfigurationName = Release;
		};
		32A9A9432921E032000026BE /* Build configuration list for PBXNativeTarget "example_iosTests" */ = {
			isa = XCConfigurationList;
			buildConfigurations = (
				32A9A9442921E032000026BE /* Debug */,
				32BC1CE0295524660023B99F /* Staging */,
				32A9A9452921E032000026BE /* Release */,
				32BC1CDC295524500023B99F /* Beta */,
			);
			defaultConfigurationIsVisible = 0;
			defaultConfigurationName = Release;
		};
		32A9A9462921E032000026BE /* Build configuration list for PBXNativeTarget "example_iosUITests" */ = {
			isa = XCConfigurationList;
			buildConfigurations = (
				32A9A9472921E032000026BE /* Debug */,
				32BC1CE1295524660023B99F /* Staging */,
				32A9A9482921E032000026BE /* Release */,
				32BC1CDD295524500023B99F /* Beta */,
			);
			defaultConfigurationIsVisible = 0;
			defaultConfigurationName = Release;
		};
/* End XCConfigurationList section */
	};
	rootObject = 32A9A90E2921E031000026BE /* Project object */;
}
